
Microsoft Visual Studio Solution File, Format Version 12.00
# Visual Studio 15
VisualStudioVersion = 15.0.28307.271
MinimumVisualStudioVersion = 10.0.40219.1
Project("{FAE04EC0-301F-11D3-BF4B-00C04F79EFBC}") = "akozak_asql_a3", "akozak_asql_a3\akozak_asql_a3.csproj", "{52E88C21-96C4-4C2D-A787-6CD2E6ADC91C}"
EndProject
Global
	GlobalSection(SolutionConfigurationPlatforms) = preSolution
		Debug|Any CPU = Debug|Any CPU
		Release|Any CPU = Release|Any CPU
	EndGlobalSection
	GlobalSection(ProjectConfigurationPlatforms) = postSolution
		{52E88C21-96C4-4C2D-A787-6CD2E6ADC91C}.Debug|Any CPU.ActiveCfg = Debug|Any CPU
		{52E88C21-96C4-4C2D-A787-6CD2E6ADC91C}.Debug|Any CPU.Build.0 = Debug|Any CPU
		{52E88C21-96C4-4C2D-A787-6CD2E6ADC91C}.Release|Any CPU.ActiveCfg = Release|Any CPU
		{52E88C21-96C4-4C2D-A787-6CD2E6ADC91C}.Release|Any CPU.Build.0 = Release|Any CPU
	EndGlobalSection
	GlobalSection(SolutionProperties) = preSolution
		HideSolutionNode = FALSE
	EndGlobalSection
	GlobalSection(ExtensibilityGlobals) = postSolution
		SolutionGuid = {D5E6E922-96DB-4945-9C97-24881BD6670C}
	EndGlobalSection
EndGlobal
